// !$*UTF8*$!
{
	archiveVersion = 1;
	classes = {
	};
	objectVersion = 56;
	objects = {

/* Begin PBXBuildFile section */
		82D6FA7C2AF7B57C00880D63 /* BatMobileDemoAppApp.swift in Sources */ = {isa = PBXBuildFile; fileRef = 82D6FA7B2AF7B57C00880D63 /* BatMobileDemoAppApp.swift */; };
		82D6FA7E2AF7B57C00880D63 /* ContentView.swift in Sources */ = {isa = PBXBuildFile; fileRef = 82D6FA7D2AF7B57C00880D63 /* ContentView.swift */; };
		82D6FA802AF7B57D00880D63 /* Assets.xcassets in Resources */ = {isa = PBXBuildFile; fileRef = 82D6FA7F2AF7B57D00880D63 /* Assets.xcassets */; };
		82D6FA832AF7B57D00880D63 /* Preview Assets.xcassets in Resources */ = {isa = PBXBuildFile; fileRef = 82D6FA822AF7B57D00880D63 /* Preview Assets.xcassets */; };
		82D6FA8C2AF7BA0600880D63 /* Station.swift in Sources */ = {isa = PBXBuildFile; fileRef = 82D6FA8B2AF7BA0600880D63 /* Station.swift */; };
		82D6FA8E2AF7C2F200880D63 /* NavigationBarView.swift in Sources */ = {isa = PBXBuildFile; fileRef = 82D6FA8D2AF7C2F200880D63 /* NavigationBarView.swift */; };
		82D6FA902AF7C61F00880D63 /* StationRowView.swift in Sources */ = {isa = PBXBuildFile; fileRef = 82D6FA8F2AF7C61F00880D63 /* StationRowView.swift */; };
		82D6FA922AF7CC0E00880D63 /* HeaderView.swift in Sources */ = {isa = PBXBuildFile; fileRef = 82D6FA912AF7CC0E00880D63 /* HeaderView.swift */; };
/* End PBXBuildFile section */

/* Begin PBXFileReference section */
		82D6FA782AF7B57C00880D63 /* BatMobileDemoApp.app */ = {isa = PBXFileReference; explicitFileType = wrapper.application; includeInIndex = 0; path = BatMobileDemoApp.app; sourceTree = BUILT_PRODUCTS_DIR; };
		82D6FA7B2AF7B57C00880D63 /* BatMobileDemoAppApp.swift */ = {isa = PBXFileReference; lastKnownFileType = sourcecode.swift; path = BatMobileDemoAppApp.swift; sourceTree = "<group>"; };
		82D6FA7D2AF7B57C00880D63 /* ContentView.swift */ = {isa = PBXFileReference; lastKnownFileType = sourcecode.swift; path = ContentView.swift; sourceTree = "<group>"; };
		82D6FA7F2AF7B57D00880D63 /* Assets.xcassets */ = {isa = PBXFileReference; lastKnownFileType = folder.assetcatalog; path = Assets.xcassets; sourceTree = "<group>"; };
		82D6FA822AF7B57D00880D63 /* Preview Assets.xcassets */ = {isa = PBXFileReference; lastKnownFileType = folder.assetcatalog; path = "Preview Assets.xcassets"; sourceTree = "<group>"; };
		82D6FA8B2AF7BA0600880D63 /* Station.swift */ = {isa = PBXFileReference; lastKnownFileType = sourcecode.swift; path = Station.swift; sourceTree = "<group>"; };
		82D6FA8D2AF7C2F200880D63 /* NavigationBarView.swift */ = {isa = PBXFileReference; lastKnownFileType = sourcecode.swift; path = NavigationBarView.swift; sourceTree = "<group>"; };
		82D6FA8F2AF7C61F00880D63 /* StationRowView.swift */ = {isa = PBXFileReference; lastKnownFileType = sourcecode.swift; path = StationRowView.swift; sourceTree = "<group>"; };
		82D6FA912AF7CC0E00880D63 /* HeaderView.swift */ = {isa = PBXFileReference; lastKnownFileType = sourcecode.swift; path = HeaderView.swift; sourceTree = "<group>"; };
/* End PBXFileReference section */

/* Begin PBXFrameworksBuildPhase section */
		82D6FA752AF7B57C00880D63 /* Frameworks */ = {
			isa = PBXFrameworksBuildPhase;
			buildActionMask = 2147483647;
			files = (
			);
			runOnlyForDeploymentPostprocessing = 0;
		};
/* End PBXFrameworksBuildPhase section */

/* Begin PBXGroup section */
		82D6FA6F2AF7B57C00880D63 = {
			isa = PBXGroup;
			children = (
				82D6FA7A2AF7B57C00880D63 /* BatMobileDemoApp */,
				82D6FA792AF7B57C00880D63 /* Products */,
			);
			sourceTree = "<group>";
		};
		82D6FA792AF7B57C00880D63 /* Products */ = {
			isa = PBXGroup;
			children = (
				82D6FA782AF7B57C00880D63 /* BatMobileDemoApp.app */,
			);
			name = Products;
			sourceTree = "<group>";
		};
		82D6FA7A2AF7B57C00880D63 /* BatMobileDemoApp */ = {
			isa = PBXGroup;
			children = (
				82D6FA7B2AF7B57C00880D63 /* BatMobileDemoAppApp.swift */,
				82D6FA8A2AF7B93C00880D63 /* Model */,
				82D6FA892AF7B93700880D63 /* View */,
				82D6FA7F2AF7B57D00880D63 /* Assets.xcassets */,
				82D6FA812AF7B57D00880D63 /* Preview Content */,
			);
			path = BatMobileDemoApp;
			sourceTree = "<group>";
		};
		82D6FA812AF7B57D00880D63 /* Preview Content */ = {
			isa = PBXGroup;
			children = (
				82D6FA822AF7B57D00880D63 /* Preview Assets.xcassets */,
			);
			path = "Preview Content";
			sourceTree = "<group>";
		};
		82D6FA892AF7B93700880D63 /* View */ = {
			isa = PBXGroup;
			children = (
				82D6FA7D2AF7B57C00880D63 /* ContentView.swift */,
				82D6FA8D2AF7C2F200880D63 /* NavigationBarView.swift */,
				82D6FA8F2AF7C61F00880D63 /* StationRowView.swift */,
				82D6FA912AF7CC0E00880D63 /* HeaderView.swift */,
			);
			path = View;
			sourceTree = "<group>";
		};
		82D6FA8A2AF7B93C00880D63 /* Model */ = {
			isa = PBXGroup;
			children = (
				82D6FA8B2AF7BA0600880D63 /* Station.swift */,
			);
			path = Model;
			sourceTree = "<group>";
		};
/* End PBXGroup section */

/* Begin PBXNativeTarget section */
		82D6FA772AF7B57C00880D63 /* BatMobileDemoApp */ = {
			isa = PBXNativeTarget;
			buildConfigurationList = 82D6FA862AF7B57D00880D63 /* Build configuration list for PBXNativeTarget "BatMobileDemoApp" */;
			buildPhases = (
				82D6FA742AF7B57C00880D63 /* Sources */,
				82D6FA752AF7B57C00880D63 /* Frameworks */,
				82D6FA762AF7B57C00880D63 /* Resources */,
			);
			buildRules = (
			);
			dependencies = (
			);
			name = BatMobileDemoApp;
			productName = BatMobileDemoApp;
			productReference = 82D6FA782AF7B57C00880D63 /* BatMobileDemoApp.app */;
			productType = "com.apple.product-type.application";
		};
/* End PBXNativeTarget section */

/* Begin PBXProject section */
		82D6FA702AF7B57C00880D63 /* Project object */ = {
			isa = PBXProject;
			attributes = {
				BuildIndependentTargetsInParallel = 1;
				LastSwiftUpdateCheck = 1500;
				LastUpgradeCheck = 1500;
				TargetAttributes = {
					82D6FA772AF7B57C00880D63 = {
						CreatedOnToolsVersion = 15.0.1;
					};
				};
			};
			buildConfigurationList = 82D6FA732AF7B57C00880D63 /* Build configuration list for PBXProject "BatMobileDemoApp" */;
			compatibilityVersion = "Xcode 14.0";
			developmentRegion = en;
			hasScannedForEncodings = 0;
			knownRegions = (
				en,
				Base,
			);
			mainGroup = 82D6FA6F2AF7B57C00880D63;
			productRefGroup = 82D6FA792AF7B57C00880D63 /* Products */;
			projectDirPath = "";
			projectRoot = "";
			targets = (
				82D6FA772AF7B57C00880D63 /* BatMobileDemoApp */,
			);
		};
/* End PBXProject section */

/* Begin PBXResourcesBuildPhase section */
		82D6FA762AF7B57C00880D63 /* Resources */ = {
			isa = PBXResourcesBuildPhase;
			buildActionMask = 2147483647;
			files = (
				82D6FA832AF7B57D00880D63 /* Preview Assets.xcassets in Resources */,
				82D6FA802AF7B57D00880D63 /* Assets.xcassets in Resources */,
			);
			runOnlyForDeploymentPostprocessing = 0;
		};
/* End PBXResourcesBuildPhase section */

/* Begin PBXSourcesBuildPhase section */
		82D6FA742AF7B57C00880D63 /* Sources */ = {
			isa = PBXSourcesBuildPhase;
			buildActionMask = 2147483647;
			files = (
				82D6FA7E2AF7B57C00880D63 /* ContentView.swift in Sources */,
				82D6FA922AF7CC0E00880D63 /* HeaderView.swift in Sources */,
				82D6FA8C2AF7BA0600880D63 /* Station.swift in Sources */,
				82D6FA8E2AF7C2F200880D63 /* NavigationBarView.swift in Sources */,
				82D6FA7C2AF7B57C00880D63 /* BatMobileDemoAppApp.swift in Sources */,
				82D6FA902AF7C61F00880D63 /* StationRowView.swift in Sources */,
			);
			runOnlyForDeploymentPostprocessing = 0;
		};
/* End PBXSourcesBuildPhase section */

/* Begin XCBuildConfiguration section */
		82D6FA842AF7B57D00880D63 /* Debug */ = {
			isa = XCBuildConfiguration;
			buildSettings = {
				ALWAYS_SEARCH_USER_PATHS = NO;
				ASSETCATALOG_COMPILER_GENERATE_SWIFT_ASSET_SYMBOL_EXTENSIONS = YES;
				CLANG_ANALYZER_NONNULL = YES;
				CLANG_ANALYZER_NUMBER_OBJECT_CONVERSION = YES_AGGRESSIVE;
				CLANG_CXX_LANGUAGE_STANDARD = "gnu++20";
				CLANG_ENABLE_MODULES = YES;
				CLANG_ENABLE_OBJC_ARC = YES;
				CLANG_ENABLE_OBJC_WEAK = YES;
				CLANG_WARN_BLOCK_CAPTURE_AUTORELEASING = YES;
				CLANG_WARN_BOOL_CONVERSION = YES;
				CLANG_WARN_COMMA = YES;
				CLANG_WARN_CONSTANT_CONVERSION = YES;
				CLANG_WARN_DEPRECATED_OBJC_IMPLEMENTATIONS = YES;
				CLANG_WARN_DIRECT_OBJC_ISA_USAGE = YES_ERROR;
				CLANG_WARN_DOCUMENTATION_COMMENTS = YES;
				CLANG_WARN_EMPTY_BODY = YES;
				CLANG_WARN_ENUM_CONVERSION = YES;
				CLANG_WARN_INFINITE_RECURSION = YES;
				CLANG_WARN_INT_CONVERSION = YES;
				CLANG_WARN_NON_LITERAL_NULL_CONVERSION = YES;
				CLANG_WARN_OBJC_IMPLICIT_RETAIN_SELF = YES;
				CLANG_WARN_OBJC_LITERAL_CONVERSION = YES;
				CLANG_WARN_OBJC_ROOT_CLASS = YES_ERROR;
				CLANG_WARN_QUOTED_INCLUDE_IN_FRAMEWORK_HEADER = YES;
				CLANG_WARN_RANGE_LOOP_ANALYSIS = YES;
				CLANG_WARN_STRICT_PROTOTYPES = YES;
				CLANG_WARN_SUSPICIOUS_MOVE = YES;
				CLANG_WARN_UNGUARDED_AVAILABILITY = YES_AGGRESSIVE;
				CLANG_WARN_UNREACHABLE_CODE = YES;
				CLANG_WARN__DUPLICATE_METHOD_MATCH = YES;
				COPY_PHASE_STRIP = NO;
				DEBUG_INFORMATION_FORMAT = dwarf;
				ENABLE_STRICT_OBJC_MSGSEND = YES;
				ENABLE_TESTABILITY = YES;
				ENABLE_USER_SCRIPT_SANDBOXING = YES;
				GCC_C_LANGUAGE_STANDARD = gnu17;
				GCC_DYNAMIC_NO_PIC = NO;
				GCC_NO_COMMON_BLOCKS = YES;
				GCC_OPTIMIZATION_LEVEL = 0;
				GCC_PREPROCESSOR_DEFINITIONS = (
					"DEBUG=1",
					"$(inherited)",
				);
				GCC_WARN_64_TO_32_BIT_CONVERSION = YES;
				GCC_WARN_ABOUT_RETURN_TYPE = YES_ERROR;
				GCC_WARN_UNDECLARED_SELECTOR = YES;
				GCC_WARN_UNINITIALIZED_AUTOS = YES_AGGRESSIVE;
				GCC_WARN_UNUSED_FUNCTION = YES;
				GCC_WARN_UNUSED_VARIABLE = YES;
				IPHONEOS_DEPLOYMENT_TARGET = 17.0;
				LOCALIZATION_PREFERS_STRING_CATALOGS = YES;
				MTL_ENABLE_DEBUG_INFO = INCLUDE_SOURCE;
				MTL_FAST_MATH = YES;
				ONLY_ACTIVE_ARCH = YES;
				SDKROOT = iphoneos;
				SWIFT_ACTIVE_COMPILATION_CONDITIONS = "DEBUG $(inherited)";
				SWIFT_OPTIMIZATION_LEVEL = "-Onone";
			};
			name = Debug;
		};
		82D6FA852AF7B57D00880D63 /* Release */ = {
			isa = XCBuildConfiguration;
			buildSettings = {
				ALWAYS_SEARCH_USER_PATHS = NO;
				ASSETCATALOG_COMPILER_GENERATE_SWIFT_ASSET_SYMBOL_EXTENSIONS = YES;
				CLANG_ANALYZER_NONNULL = YES;
				CLANG_ANALYZER_NUMBER_OBJECT_CONVERSION = YES_AGGRESSIVE;
				CLANG_CXX_LANGUAGE_STANDARD = "gnu++20";
				CLANG_ENABLE_MODULES = YES;
				CLANG_ENABLE_OBJC_ARC = YES;
				CLANG_ENABLE_OBJC_WEAK = YES;
				CLANG_WARN_BLOCK_CAPTURE_AUTORELEASING = YES;
				CLANG_WARN_BOOL_CONVERSION = YES;
				CLANG_WARN_COMMA = YES;
				CLANG_WARN_CONSTANT_CONVERSION = YES;
				CLANG_WARN_DEPRECATED_OBJC_IMPLEMENTATIONS = YES;
				CLANG_WARN_DIRECT_OBJC_ISA_USAGE = YES_ERROR;
				CLANG_WARN_DOCUMENTATION_COMMENTS = YES;
				CLANG_WARN_EMPTY_BODY = YES;
				CLANG_WARN_ENUM_CONVERSION = YES;
				CLANG_WARN_INFINITE_RECURSION = YES;
				CLANG_WARN_INT_CONVERSION = YES;
				CLANG_WARN_NON_LITERAL_NULL_CONVERSION = YES;
				CLANG_WARN_OBJC_IMPLICIT_RETAIN_SELF = YES;
				CLANG_WARN_OBJC_LITERAL_CONVERSION = YES;
				CLANG_WARN_OBJC_ROOT_CLASS = YES_ERROR;
				CLANG_WARN_QUOTED_INCLUDE_IN_FRAMEWORK_HEADER = YES;
				CLANG_WARN_RANGE_LOOP_ANALYSIS = YES;
				CLANG_WARN_STRICT_PROTOTYPES = YES;
				CLANG_WARN_SUSPICIOUS_MOVE = YES;
				CLANG_WARN_UNGUARDED_AVAILABILITY = YES_AGGRESSIVE;
				CLANG_WARN_UNREACHABLE_CODE = YES;
				CLANG_WARN__DUPLICATE_METHOD_MATCH = YES;
				COPY_PHASE_STRIP = NO;
				DEBUG_INFORMATION_FORMAT = "dwarf-with-dsym";
				ENABLE_NS_ASSERTIONS = NO;
				ENABLE_STRICT_OBJC_MSGSEND = YES;
				ENABLE_USER_SCRIPT_SANDBOXING = YES;
				GCC_C_LANGUAGE_STANDARD = gnu17;
				GCC_NO_COMMON_BLOCKS = YES;
				GCC_WARN_64_TO_32_BIT_CONVERSION = YES;
				GCC_WARN_ABOUT_RETURN_TYPE = YES_ERROR;
				GCC_WARN_UNDECLARED_SELECTOR = YES;
				GCC_WARN_UNINITIALIZED_AUTOS = YES_AGGRESSIVE;
				GCC_WARN_UNUSED_FUNCTION = YES;
				GCC_WARN_UNUSED_VARIABLE = YES;
				IPHONEOS_DEPLOYMENT_TARGET = 17.0;
				LOCALIZATION_PREFERS_STRING_CATALOGS = YES;
				MTL_ENABLE_DEBUG_INFO = NO;
				MTL_FAST_MATH = YES;
				SDKROOT = iphoneos;
				SWIFT_COMPILATION_MODE = wholemodule;
				VALIDATE_PRODUCT = YES;
			};
			name = Release;
		};
		82D6FA872AF7B57D00880D63 /* Debug */ = {
			isa = XCBuildConfiguration;
			buildSettings = {
				ASSETCATALOG_COMPILER_APPICON_NAME = AppIcon;
				ASSETCATALOG_COMPILER_GLOBAL_ACCENT_COLOR_NAME = AccentColor;
				CODE_SIGN_STYLE = Automatic;
				CURRENT_PROJECT_VERSION = 1;
				DEVELOPMENT_ASSET_PATHS = "\"BatMobileDemoApp/Preview Content\"";
				DEVELOPMENT_TEAM = 6WLWD6849M;
				ENABLE_PREVIEWS = YES;
				GENERATE_INFOPLIST_FILE = YES;
				INFOPLIST_KEY_UIApplicationSceneManifest_Generation = YES;
				INFOPLIST_KEY_UIApplicationSupportsIndirectInputEvents = YES;
				INFOPLIST_KEY_UILaunchScreen_Generation = YES;
				INFOPLIST_KEY_UISupportedInterfaceOrientations_iPad = "UIInterfaceOrientationPortrait UIInterfaceOrientationPortraitUpsideDown UIInterfaceOrientationLandscapeLeft UIInterfaceOrientationLandscapeRight";
				INFOPLIST_KEY_UISupportedInterfaceOrientations_iPhone = "UIInterfaceOrientationPortrait UIInterfaceOrientationLandscapeLeft UIInterfaceOrientationLandscapeRight";
				LD_RUNPATH_SEARCH_PATHS = (
					"$(inherited)",
					"@executable_path/Frameworks",
				);
				MARKETING_VERSION = 1.0;
				PRODUCT_BUNDLE_IDENTIFIER = com.jnywu.BatMobileDemoApp;
				PRODUCT_NAME = "$(TARGET_NAME)";
				SWIFT_EMIT_LOC_STRINGS = YES;
				SWIFT_VERSION = 5.0;
				TARGETED_DEVICE_FAMILY = "1,2";
			};
			name = Debug;
		};
		82D6FA882AF7B57D00880D63 /* Release */ = {
			isa = XCBuildConfiguration;
			buildSettings = {
				ASSETCATALOG_COMPILER_APPICON_NAME = AppIcon;
				ASSETCATALOG_COMPILER_GLOBAL_ACCENT_COLOR_NAME = AccentColor;
				CODE_SIGN_STYLE = Automatic;
				CURRENT_PROJECT_VERSION = 1;
				DEVELOPMENT_ASSET_PATHS = "\"BatMobileDemoApp/Preview Content\"";
				DEVELOPMENT_TEAM = 6WLWD6849M;
				ENABLE_PREVIEWS = YES;
				GENERATE_INFOPLIST_FILE = YES;
				INFOPLIST_KEY_UIApplicationSceneManifest_Generation = YES;
				INFOPLIST_KEY_UIApplicationSupportsIndirectInputEvents = YES;
				INFOPLIST_KEY_UILaunchScreen_Generation = YES;
				INFOPLIST_KEY_UISupportedInterfaceOrientations_iPad = "UIInterfaceOrientationPortrait UIInterfaceOrientationPortraitUpsideDown UIInterfaceOrientationLandscapeLeft UIInterfaceOrientationLandscapeRight";
				INFOPLIST_KEY_UISupportedInterfaceOrientations_iPhone = "UIInterfaceOrientationPortrait UIInterfaceOrientationLandscapeLeft UIInterfaceOrientationLandscapeRight";
				LD_RUNPATH_SEARCH_PATHS = (
					"$(inherited)",
					"@executable_path/Frameworks",
				);
				MARKETING_VERSION = 1.0;
				PRODUCT_BUNDLE_IDENTIFIER = com.jnywu.BatMobileDemoApp;
				PRODUCT_NAME = "$(TARGET_NAME)";
				SWIFT_EMIT_LOC_STRINGS = YES;
				SWIFT_VERSION = 5.0;
				TARGETED_DEVICE_FAMILY = "1,2";
			};
			name = Release;
		};
/* End XCBuildConfiguration section */

/* Begin XCConfigurationList section */
		82D6FA732AF7B57C00880D63 /* Build configuration list for PBXProject "BatMobileDemoApp" */ = {
			isa = XCConfigurationList;
			buildConfigurations = (
				82D6FA842AF7B57D00880D63 /* Debug */,
				82D6FA852AF7B57D00880D63 /* Release */,
			);
			defaultConfigurationIsVisible = 0;
			defaultConfigurationName = Release;
		};
		82D6FA862AF7B57D00880D63 /* Build configuration list for PBXNativeTarget "BatMobileDemoApp" */ = {
			isa = XCConfigurationList;
			buildConfigurations = (
				82D6FA872AF7B57D00880D63 /* Debug */,
				82D6FA882AF7B57D00880D63 /* Release */,
			);
			defaultConfigurationIsVisible = 0;
			defaultConfigurationName = Release;
		};
/* End XCConfigurationList section */
	};
	rootObject = 82D6FA702AF7B57C00880D63 /* Project object */;
}
